
Microsoft Visual Studio Solution File, Format Version 12.00
# Visual Studio 15
VisualStudioVersion = 15.0.26124.0
MinimumVisualStudioVersion = 15.0.26124.0
Project("{FAE04EC0-301F-11D3-BF4B-00C04F79EFBC}") = "BL", "BL\BL.csproj", "{04F05D86-994D-4A51-BC51-234922D2F99B}"
EndProject
Project("{FAE04EC0-301F-11D3-BF4B-00C04F79EFBC}") = "DL", "DL\DL.csproj", "{FF7F035D-A52F-4F2D-BF5D-F4EDB4274F81}"
EndProject
Project("{FAE04EC0-301F-11D3-BF4B-00C04F79EFBC}") = "DTO", "DTO\DTO.csproj", "{408F4D2A-15BA-4FA4-98E1-6FA54525ACF5}"
EndProject
Project("{FAE04EC0-301F-11D3-BF4B-00C04F79EFBC}") = "Web", "Web\Web.csproj", "{49156DBC-1ED2-46F1-B5C2-1E821E3BF897}"
EndProject
Project("{FAE04EC0-301F-11D3-BF4B-00C04F79EFBC}") = "WebService", "WebService\WebService.csproj", "{D4ECD068-6980-47E7-992E-2158A8340D9B}"
EndProject
Project("{FAE04EC0-301F-11D3-BF4B-00C04F79EFBC}") = "Test", "Test\Test.csproj", "{D806102B-4CD5-43E5-A574-C72A098E1889}"
EndProject
Global
	GlobalSection(SolutionConfigurationPlatforms) = preSolution
		Debug|Any CPU = Debug|Any CPU
		Debug|x64 = Debug|x64
		Debug|x86 = Debug|x86
		Release|Any CPU = Release|Any CPU
		Release|x64 = Release|x64
		Release|x86 = Release|x86
	EndGlobalSection
	GlobalSection(SolutionProperties) = preSolution
		HideSolutionNode = FALSE
	EndGlobalSection
	GlobalSection(ProjectConfigurationPlatforms) = postSolution
		{04F05D86-994D-4A51-BC51-234922D2F99B}.Debug|Any CPU.ActiveCfg = Debug|Any CPU
		{04F05D86-994D-4A51-BC51-234922D2F99B}.Debug|Any CPU.Build.0 = Debug|Any CPU
		{04F05D86-994D-4A51-BC51-234922D2F99B}.Debug|x64.ActiveCfg = Debug|Any CPU
		{04F05D86-994D-4A51-BC51-234922D2F99B}.Debug|x64.Build.0 = Debug|Any CPU
		{04F05D86-994D-4A51-BC51-234922D2F99B}.Debug|x86.ActiveCfg = Debug|Any CPU
		{04F05D86-994D-4A51-BC51-234922D2F99B}.Debug|x86.Build.0 = Debug|Any CPU
		{04F05D86-994D-4A51-BC51-234922D2F99B}.Release|Any CPU.ActiveCfg = Release|Any CPU
		{04F05D86-994D-4A51-BC51-234922D2F99B}.Release|Any CPU.Build.0 = Release|Any CPU
		{04F05D86-994D-4A51-BC51-234922D2F99B}.Release|x64.ActiveCfg = Release|Any CPU
		{04F05D86-994D-4A51-BC51-234922D2F99B}.Release|x64.Build.0 = Release|Any CPU
		{04F05D86-994D-4A51-BC51-234922D2F99B}.Release|x86.ActiveCfg = Release|Any CPU
		{04F05D86-994D-4A51-BC51-234922D2F99B}.Release|x86.Build.0 = Release|Any CPU
		{FF7F035D-A52F-4F2D-BF5D-F4EDB4274F81}.Debug|Any CPU.ActiveCfg = Debug|Any CPU
		{FF7F035D-A52F-4F2D-BF5D-F4EDB4274F81}.Debug|Any CPU.Build.0 = Debug|Any CPU
		{FF7F035D-A52F-4F2D-BF5D-F4EDB4274F81}.Debug|x64.ActiveCfg = Debug|Any CPU
		{FF7F035D-A52F-4F2D-BF5D-F4EDB4274F81}.Debug|x64.Build.0 = Debug|Any CPU
		{FF7F035D-A52F-4F2D-BF5D-F4EDB4274F81}.Debug|x86.ActiveCfg = Debug|Any CPU
		{FF7F035D-A52F-4F2D-BF5D-F4EDB4274F81}.Debug|x86.Build.0 = Debug|Any CPU
		{FF7F035D-A52F-4F2D-BF5D-F4EDB4274F81}.Release|Any CPU.ActiveCfg = Release|Any CPU
		{FF7F035D-A52F-4F2D-BF5D-F4EDB4274F81}.Release|Any CPU.Build.0 = Release|Any CPU
		{FF7F035D-A52F-4F2D-BF5D-F4EDB4274F81}.Release|x64.ActiveCfg = Release|Any CPU
		{FF7F035D-A52F-4F2D-BF5D-F4EDB4274F81}.Release|x64.Build.0 = Release|Any CPU
		{FF7F035D-A52F-4F2D-BF5D-F4EDB4274F81}.Release|x86.ActiveCfg = Release|Any CPU
		{FF7F035D-A52F-4F2D-BF5D-F4EDB4274F81}.Release|x86.Build.0 = Release|Any CPU
		{408F4D2A-15BA-4FA4-98E1-6FA54525ACF5}.Debug|Any CPU.ActiveCfg = Debug|Any CPU
		{408F4D2A-15BA-4FA4-98E1-6FA54525ACF5}.Debug|Any CPU.Build.0 = Debug|Any CPU
		{408F4D2A-15BA-4FA4-98E1-6FA54525ACF5}.Debug|x64.ActiveCfg = Debug|Any CPU
		{408F4D2A-15BA-4FA4-98E1-6FA54525ACF5}.Debug|x64.Build.0 = Debug|Any CPU
		{408F4D2A-15BA-4FA4-98E1-6FA54525ACF5}.Debug|x86.ActiveCfg = Debug|Any CPU
		{408F4D2A-15BA-4FA4-98E1-6FA54525ACF5}.Debug|x86.Build.0 = Debug|Any CPU
		{408F4D2A-15BA-4FA4-98E1-6FA54525ACF5}.Release|Any CPU.ActiveCfg = Release|Any CPU
		{408F4D2A-15BA-4FA4-98E1-6FA54525ACF5}.Release|Any CPU.Build.0 = Release|Any CPU
		{408F4D2A-15BA-4FA4-98E1-6FA54525ACF5}.Release|x64.ActiveCfg = Release|Any CPU
		{408F4D2A-15BA-4FA4-98E1-6FA54525ACF5}.Release|x64.Build.0 = Release|Any CPU
		{408F4D2A-15BA-4FA4-98E1-6FA54525ACF5}.Release|x86.ActiveCfg = Release|Any CPU
		{408F4D2A-15BA-4FA4-98E1-6FA54525ACF5}.Release|x86.Build.0 = Release|Any CPU
		{49156DBC-1ED2-46F1-B5C2-1E821E3BF897}.Debug|Any CPU.ActiveCfg = Debug|Any CPU
		{49156DBC-1ED2-46F1-B5C2-1E821E3BF897}.Debug|Any CPU.Build.0 = Debug|Any CPU
		{49156DBC-1ED2-46F1-B5C2-1E821E3BF897}.Debug|x64.ActiveCfg = Debug|Any CPU
		{49156DBC-1ED2-46F1-B5C2-1E821E3BF897}.Debug|x64.Build.0 = Debug|Any CPU
		{49156DBC-1ED2-46F1-B5C2-1E821E3BF897}.Debug|x86.ActiveCfg = Debug|Any CPU
		{49156DBC-1ED2-46F1-B5C2-1E821E3BF897}.Debug|x86.Build.0 = Debug|Any CPU
		{49156DBC-1ED2-46F1-B5C2-1E821E3BF897}.Release|Any CPU.ActiveCfg = Release|Any CPU
		{49156DBC-1ED2-46F1-B5C2-1E821E3BF897}.Release|Any CPU.Build.0 = Release|Any CPU
		{49156DBC-1ED2-46F1-B5C2-1E821E3BF897}.Release|x64.ActiveCfg = Release|Any CPU
		{49156DBC-1ED2-46F1-B5C2-1E821E3BF897}.Release|x64.Build.0 = Release|Any CPU
		{49156DBC-1ED2-46F1-B5C2-1E821E3BF897}.Release|x86.ActiveCfg = Release|Any CPU
		{49156DBC-1ED2-46F1-B5C2-1E821E3BF897}.Release|x86.Build.0 = Release|Any CPU
		{D4ECD068-6980-47E7-992E-2158A8340D9B}.Debug|Any CPU.ActiveCfg = Debug|Any CPU
		{D4ECD068-6980-47E7-992E-2158A8340D9B}.Debug|Any CPU.Build.0 = Debug|Any CPU
		{D4ECD068-6980-47E7-992E-2158A8340D9B}.Debug|x64.ActiveCfg = Debug|Any CPU
		{D4ECD068-6980-47E7-992E-2158A8340D9B}.Debug|x64.Build.0 = Debug|Any CPU
		{D4ECD068-6980-47E7-992E-2158A8340D9B}.Debug|x86.ActiveCfg = Debug|Any CPU
		{D4ECD068-6980-47E7-992E-2158A8340D9B}.Debug|x86.Build.0 = Debug|Any CPU
		{D4ECD068-6980-47E7-992E-2158A8340D9B}.Release|Any CPU.ActiveCfg = Release|Any CPU
		{D4ECD068-6980-47E7-992E-2158A8340D9B}.Release|Any CPU.Build.0 = Release|Any CPU
		{D4ECD068-6980-47E7-992E-2158A8340D9B}.Release|x64.ActiveCfg = Release|Any CPU
		{D4ECD068-6980-47E7-992E-2158A8340D9B}.Release|x64.Build.0 = Release|Any CPU
		{D4ECD068-6980-47E7-992E-2158A8340D9B}.Release|x86.ActiveCfg = Release|Any CPU
		{D4ECD068-6980-47E7-992E-2158A8340D9B}.Release|x86.Build.0 = Release|Any CPU
		{D806102B-4CD5-43E5-A574-C72A098E1889}.Debug|Any CPU.ActiveCfg = Debug|Any CPU
		{D806102B-4CD5-43E5-A574-C72A098E1889}.Debug|Any CPU.Build.0 = Debug|Any CPU
		{D806102B-4CD5-43E5-A574-C72A098E1889}.Debug|x64.ActiveCfg = Debug|Any CPU
		{D806102B-4CD5-43E5-A574-C72A098E1889}.Debug|x64.Build.0 = Debug|Any CPU
		{D806102B-4CD5-43E5-A574-C72A098E1889}.Debug|x86.ActiveCfg = Debug|Any CPU
		{D806102B-4CD5-43E5-A574-C72A098E1889}.Debug|x86.Build.0 = Debug|Any CPU
		{D806102B-4CD5-43E5-A574-C72A098E1889}.Release|Any CPU.ActiveCfg = Release|Any CPU
		{D806102B-4CD5-43E5-A574-C72A098E1889}.Release|Any CPU.Build.0 = Release|Any CPU
		{D806102B-4CD5-43E5-A574-C72A098E1889}.Release|x64.ActiveCfg = Release|Any CPU
		{D806102B-4CD5-43E5-A574-C72A098E1889}.Release|x64.Build.0 = Release|Any CPU
		{D806102B-4CD5-43E5-A574-C72A098E1889}.Release|x86.ActiveCfg = Release|Any CPU
		{D806102B-4CD5-43E5-A574-C72A098E1889}.Release|x86.Build.0 = Release|Any CPU
	EndGlobalSection
EndGlobal
